
Microsoft Visual Studio Solution File, Format Version 12.00
# Visual Studio 15
VisualStudioVersion = 15.0.27004.2006
MinimumVisualStudioVersion = 10.0.40219.1
Project("{FAE04EC0-301F-11D3-BF4B-00C04F79EFBC}") = "WPFRender", "WPFRender\WPFRender.csproj", "{140217F1-C3E9-4627-8CFE-23C18DB56B94}"
EndProject
Project("{F2A71F9B-5D33-465A-A702-920D77279786}") = "Model", "Model\Model.fsproj", "{348A7D75-98FC-4879-B2E5-271FB93B2D33}"
EndProject
Project("{FAE04EC0-301F-11D3-BF4B-00C04F79EFBC}") = "ModelObjective", "ModelObjective\ModelObjective.csproj", "{2B0B4792-2FF3-4860-B019-BFB9330FE5CC}"
EndProject
Project("{2150E333-8FDC-42A3-9474-1A3956D46DE8}") = "Solution Items", "Solution Items", "{128E4C9E-ED27-4CE9-B36D-A2117EFF57EC}"
	ProjectSection(SolutionItems) = preProject
		Performance1.psess = Performance1.psess
	EndProjectSection
EndProject
Global
	GlobalSection(Performance) = preSolution
		HasPerformanceSessions = true
	EndGlobalSection
	GlobalSection(SolutionConfigurationPlatforms) = preSolution
		Debug|Any CPU = Debug|Any CPU
		Release|Any CPU = Release|Any CPU
	EndGlobalSection
	GlobalSection(ProjectConfigurationPlatforms) = postSolution
		{140217F1-C3E9-4627-8CFE-23C18DB56B94}.Debug|Any CPU.ActiveCfg = Debug|Any CPU
		{140217F1-C3E9-4627-8CFE-23C18DB56B94}.Debug|Any CPU.Build.0 = Debug|Any CPU
		{140217F1-C3E9-4627-8CFE-23C18DB56B94}.Release|Any CPU.ActiveCfg = Release|Any CPU
		{140217F1-C3E9-4627-8CFE-23C18DB56B94}.Release|Any CPU.Build.0 = Release|Any CPU
		{348A7D75-98FC-4879-B2E5-271FB93B2D33}.Debug|Any CPU.ActiveCfg = Debug|Any CPU
		{348A7D75-98FC-4879-B2E5-271FB93B2D33}.Debug|Any CPU.Build.0 = Debug|Any CPU
		{348A7D75-98FC-4879-B2E5-271FB93B2D33}.Release|Any CPU.ActiveCfg = Release|Any CPU
		{348A7D75-98FC-4879-B2E5-271FB93B2D33}.Release|Any CPU.Build.0 = Release|Any CPU
		{2B0B4792-2FF3-4860-B019-BFB9330FE5CC}.Debug|Any CPU.ActiveCfg = Debug|Any CPU
		{2B0B4792-2FF3-4860-B019-BFB9330FE5CC}.Debug|Any CPU.Build.0 = Debug|Any CPU
		{2B0B4792-2FF3-4860-B019-BFB9330FE5CC}.Release|Any CPU.ActiveCfg = Release|Any CPU
		{2B0B4792-2FF3-4860-B019-BFB9330FE5CC}.Release|Any CPU.Build.0 = Release|Any CPU
	EndGlobalSection
	GlobalSection(SolutionProperties) = preSolution
		HideSolutionNode = FALSE
	EndGlobalSection
	GlobalSection(ExtensibilityGlobals) = postSolution
		SolutionGuid = {8535149A-E998-4070-8972-8A88CF975623}
	EndGlobalSection
	GlobalSection(Performance) = preSolution
		HasPerformanceSessions = true
	EndGlobalSection
EndGlobal
